
Microsoft Visual Studio Solution File, Format Version 12.00
# Visual Studio Version 16
VisualStudioVersion = 16.0.33214.272
MinimumVisualStudioVersion = 10.0.40219.1
Project("{FAE04EC0-301F-11D3-BF4B-00C04F79EFBC}") = "Questão - 4", "Questão - 4.csproj", "{9691E598-3574-4A82-9F5D-2C52D5E85526}"
EndProject
Global
	GlobalSection(SolutionConfigurationPlatforms) = preSolution
		Debug|Any CPU = Debug|Any CPU
		Release|Any CPU = Release|Any CPU
	EndGlobalSection
	GlobalSection(ProjectConfigurationPlatforms) = postSolution
		{9691E598-3574-4A82-9F5D-2C52D5E85526}.Debug|Any CPU.ActiveCfg = Debug|Any CPU
		{9691E598-3574-4A82-9F5D-2C52D5E85526}.Debug|Any CPU.Build.0 = Debug|Any CPU
		{9691E598-3574-4A82-9F5D-2C52D5E85526}.Release|Any CPU.ActiveCfg = Release|Any CPU
		{9691E598-3574-4A82-9F5D-2C52D5E85526}.Release|Any CPU.Build.0 = Release|Any CPU
	EndGlobalSection
	GlobalSection(SolutionProperties) = preSolution
		HideSolutionNode = FALSE
	EndGlobalSection
	GlobalSection(ExtensibilityGlobals) = postSolution
		SolutionGuid = {6A68F23F-095E-4D88-97CE-93B2BD4159D4}
	EndGlobalSection
EndGlobal
