
Microsoft Visual Studio Solution File, Format Version 12.00
# Visual Studio Version 16
VisualStudioVersion = 16.0.33214.272
MinimumVisualStudioVersion = 10.0.40219.1
Project("{FAE04EC0-301F-11D3-BF4B-00C04F79EFBC}") = "Questão - 2", "Questão - 2.csproj", "{032192AF-6595-4F6B-A583-BEEFB2FB449A}"
EndProject
Global
	GlobalSection(SolutionConfigurationPlatforms) = preSolution
		Debug|Any CPU = Debug|Any CPU
		Release|Any CPU = Release|Any CPU
	EndGlobalSection
	GlobalSection(ProjectConfigurationPlatforms) = postSolution
		{032192AF-6595-4F6B-A583-BEEFB2FB449A}.Debug|Any CPU.ActiveCfg = Debug|Any CPU
		{032192AF-6595-4F6B-A583-BEEFB2FB449A}.Debug|Any CPU.Build.0 = Debug|Any CPU
		{032192AF-6595-4F6B-A583-BEEFB2FB449A}.Release|Any CPU.ActiveCfg = Release|Any CPU
		{032192AF-6595-4F6B-A583-BEEFB2FB449A}.Release|Any CPU.Build.0 = Release|Any CPU
	EndGlobalSection
	GlobalSection(SolutionProperties) = preSolution
		HideSolutionNode = FALSE
	EndGlobalSection
	GlobalSection(ExtensibilityGlobals) = postSolution
		SolutionGuid = {991D5B61-3835-4B58-93A8-B2C5F391D2A6}
	EndGlobalSection
EndGlobal
